
Microsoft Visual Studio Solution File, Format Version 12.00
# Visual Studio 15
VisualStudioVersion = 15.0.28307.1000
MinimumVisualStudioVersion = 10.0.40219.1
Project("{8BC9CEB8-8B4A-11D0-8D11-00A0C91BC942}") = "Puzzle", "Puzzle\Puzzle.vcxproj", "{DC23E8BD-197F-44F0-A734-8FC4F5A391CF}"
EndProject
Global
	GlobalSection(SolutionConfigurationPlatforms) = preSolution
		Debug|x64 = Debug|x64
		Debug|x86 = Debug|x86
		Release|x64 = Release|x64
		Release|x86 = Release|x86
	EndGlobalSection
	GlobalSection(ProjectConfigurationPlatforms) = postSolution
		{DC23E8BD-197F-44F0-A734-8FC4F5A391CF}.Debug|x64.ActiveCfg = Debug|x64
		{DC23E8BD-197F-44F0-A734-8FC4F5A391CF}.Debug|x64.Build.0 = Debug|x64
		{DC23E8BD-197F-44F0-A734-8FC4F5A391CF}.Debug|x86.ActiveCfg = Debug|Win32
		{DC23E8BD-197F-44F0-A734-8FC4F5A391CF}.Debug|x86.Build.0 = Debug|Win32
		{DC23E8BD-197F-44F0-A734-8FC4F5A391CF}.Release|x64.ActiveCfg = Release|x64
		{DC23E8BD-197F-44F0-A734-8FC4F5A391CF}.Release|x64.Build.0 = Release|x64
		{DC23E8BD-197F-44F0-A734-8FC4F5A391CF}.Release|x86.ActiveCfg = Release|Win32
		{DC23E8BD-197F-44F0-A734-8FC4F5A391CF}.Release|x86.Build.0 = Release|Win32
	EndGlobalSection
	GlobalSection(SolutionProperties) = preSolution
		HideSolutionNode = FALSE
	EndGlobalSection
	GlobalSection(ExtensibilityGlobals) = postSolution
		SolutionGuid = {F1C1A365-2083-4A43-88E6-B1CDE8360DDF}
	EndGlobalSection
EndGlobal
