
Microsoft Visual Studio Solution File, Format Version 12.00
# Visual Studio 15
VisualStudioVersion = 15.0.27428.2027
MinimumVisualStudioVersion = 10.0.40219.1
Project("{8BC9CEB8-8B4A-11D0-8D11-00A0C91BC942}") = "Array Example2", "Array Example2\Array Example2.vcxproj", "{4417F906-7A26-46BA-A006-081DCAAC60F5}"
EndProject
Global
	GlobalSection(SolutionConfigurationPlatforms) = preSolution
		Debug|x64 = Debug|x64
		Debug|x86 = Debug|x86
		Release|x64 = Release|x64
		Release|x86 = Release|x86
	EndGlobalSection
	GlobalSection(ProjectConfigurationPlatforms) = postSolution
		{4417F906-7A26-46BA-A006-081DCAAC60F5}.Debug|x64.ActiveCfg = Debug|x64
		{4417F906-7A26-46BA-A006-081DCAAC60F5}.Debug|x64.Build.0 = Debug|x64
		{4417F906-7A26-46BA-A006-081DCAAC60F5}.Debug|x86.ActiveCfg = Debug|Win32
		{4417F906-7A26-46BA-A006-081DCAAC60F5}.Debug|x86.Build.0 = Debug|Win32
		{4417F906-7A26-46BA-A006-081DCAAC60F5}.Release|x64.ActiveCfg = Release|x64
		{4417F906-7A26-46BA-A006-081DCAAC60F5}.Release|x64.Build.0 = Release|x64
		{4417F906-7A26-46BA-A006-081DCAAC60F5}.Release|x86.ActiveCfg = Release|Win32
		{4417F906-7A26-46BA-A006-081DCAAC60F5}.Release|x86.Build.0 = Release|Win32
	EndGlobalSection
	GlobalSection(SolutionProperties) = preSolution
		HideSolutionNode = FALSE
	EndGlobalSection
	GlobalSection(ExtensibilityGlobals) = postSolution
		SolutionGuid = {048CD3E3-3C30-470F-A6E0-B74D7A778D53}
	EndGlobalSection
EndGlobal
