
Microsoft Visual Studio Solution File, Format Version 12.00
# Visual Studio 15
VisualStudioVersion = 15.0.27428.2027
MinimumVisualStudioVersion = 10.0.40219.1
Project("{8BC9CEB8-8B4A-11D0-8D11-00A0C91BC942}") = "Pointer", "Pointer\Pointer.vcxproj", "{B79D3040-94F6-4B9D-A9B2-B3E84CE9F314}"
EndProject
Global
	GlobalSection(SolutionConfigurationPlatforms) = preSolution
		Debug|x64 = Debug|x64
		Debug|x86 = Debug|x86
		Release|x64 = Release|x64
		Release|x86 = Release|x86
	EndGlobalSection
	GlobalSection(ProjectConfigurationPlatforms) = postSolution
		{B79D3040-94F6-4B9D-A9B2-B3E84CE9F314}.Debug|x64.ActiveCfg = Debug|x64
		{B79D3040-94F6-4B9D-A9B2-B3E84CE9F314}.Debug|x64.Build.0 = Debug|x64
		{B79D3040-94F6-4B9D-A9B2-B3E84CE9F314}.Debug|x86.ActiveCfg = Debug|Win32
		{B79D3040-94F6-4B9D-A9B2-B3E84CE9F314}.Debug|x86.Build.0 = Debug|Win32
		{B79D3040-94F6-4B9D-A9B2-B3E84CE9F314}.Release|x64.ActiveCfg = Release|x64
		{B79D3040-94F6-4B9D-A9B2-B3E84CE9F314}.Release|x64.Build.0 = Release|x64
		{B79D3040-94F6-4B9D-A9B2-B3E84CE9F314}.Release|x86.ActiveCfg = Release|Win32
		{B79D3040-94F6-4B9D-A9B2-B3E84CE9F314}.Release|x86.Build.0 = Release|Win32
	EndGlobalSection
	GlobalSection(SolutionProperties) = preSolution
		HideSolutionNode = FALSE
	EndGlobalSection
	GlobalSection(ExtensibilityGlobals) = postSolution
		SolutionGuid = {0574A1EA-E411-4080-9F25-170B47CA6C82}
	EndGlobalSection
EndGlobal
